
Microsoft Visual Studio Solution File, Format Version 12.00
# Visual Studio Version 17
VisualStudioVersion = 17.0.32112.339
MinimumVisualStudioVersion = 10.0.40219.1
Project("{9A19103F-16F7-4668-BE54-9A1E7A4F7556}") = "EIDSS.Repository", "EIDSS.Repository\EIDSS.Repository.csproj", "{7C44C6EE-3CED-41AA-9AAF-B800506081BB}"
	ProjectSection(ProjectDependencies) = postProject
		{AE722BB3-6523-4EEA-8C4F-7E37FCEEC2BD} = {AE722BB3-6523-4EEA-8C4F-7E37FCEEC2BD}
	EndProjectSection
EndProject
Project("{9A19103F-16F7-4668-BE54-9A1E7A4F7556}") = "EIDSS.Api", "EIDSS.Api\EIDSS.Api.csproj", "{5AF32884-0B3D-4AD3-B3AF-603BF9D6868C}"
EndProject
Project("{9A19103F-16F7-4668-BE54-9A1E7A4F7556}") = "EIDSS.Web", "EIDSS.Web\EIDSS.Web.csproj", "{478805B8-CCFD-4C6A-A017-B9D6B2E33FE3}"
EndProject
Project("{9A19103F-16F7-4668-BE54-9A1E7A4F7556}") = "EIDSS.Domain", "EIDSS.Domain\EIDSS.Domain.csproj", "{AE722BB3-6523-4EEA-8C4F-7E37FCEEC2BD}"
EndProject
Project("{9A19103F-16F7-4668-BE54-9A1E7A4F7556}") = "EIDSS.ClientLibrary", "EIDSS.Client\EIDSS.ClientLibrary.csproj", "{EAD60F2A-F22D-41E6-A67C-A783CC1886DE}"
EndProject
Project("{2150E333-8FDC-42A3-9474-1A3956D46DE8}") = "Solution Items", "Solution Items", "{F241D52F-3EDF-4690-8D45-B6E61DCAFF66}"
	ProjectSection(SolutionItems) = preProject
		.editorconfig = .editorconfig
	EndProjectSection
EndProject
Project("{9A19103F-16F7-4668-BE54-9A1E7A4F7556}") = "EIDSS.Localization", "EIDSS.Localization\EIDSS.Localization.csproj", "{22FC4DCB-161D-4C05-99C6-F2BE05F902C0}"
EndProject
Project("{9A19103F-16F7-4668-BE54-9A1E7A4F7556}") = "EIDSS.ReportViewer", "EIDSS.ReportViewer\EIDSS.ReportViewer.csproj", "{984326E8-81CF-46B3-8D68-CE5AB9725FA2}"
EndProject
Project("{9A19103F-16F7-4668-BE54-9A1E7A4F7556}") = "EIDSS.CodeGenerator", "EIDSS.Api.CodeGen\EIDSS.CodeGenerator.csproj", "{D31A0404-CF6A-4D13-855F-98A3FEA93B03}"
EndProject
Project("{00D1A9C2-B5F0-4AF3-8072-F6C62B433612}") = "EIDSS.Database", "EIDSS.Database\EIDSS.Database.sqlproj", "{1511143C-C2E7-4176-99CB-096B0D3C5CEB}"
EndProject
Project("{9A19103F-16F7-4668-BE54-9A1E7A4F7556}") = "EIDSS.Security", "EIDSS.Security\EIDSS.Security.csproj", "{4FE07E0D-DEB6-49D1-9973-2EB4AE79815D}"
EndProject
Project("{2150E333-8FDC-42A3-9474-1A3956D46DE8}") = "Tests", "Tests", "{729D7574-D461-4FD7-8BED-06D7A36CC024}"
EndProject
Project("{9A19103F-16F7-4668-BE54-9A1E7A4F7556}") = "EIDSS.Api.Tests", "EIDSS.Api.Tests\EIDSS.Api.Tests.csproj", "{DD41F14F-A506-4BF9-B86A-42B13D7ED488}"
EndProject
Project("{9A19103F-16F7-4668-BE54-9A1E7A4F7556}") = "EIDSS.ClientLibrary.Tests", "EIDSS.ClientLibrary.Tests\EIDSS.ClientLibrary.Tests.csproj", "{0D607810-71CB-4A2E-BB13-00D436103C4F}"
EndProject
Project("{9A19103F-16F7-4668-BE54-9A1E7A4F7556}") = "EIDSS.Repository.Tests", "EIDSS.Repository.Tests\EIDSS.Repository.Tests.csproj", "{14C39B50-D16B-42A5-97D8-9552D62A2116}"
EndProject
Project("{9A19103F-16F7-4668-BE54-9A1E7A4F7556}") = "EIDSS.Web.Tests", "EIDSS.Web.Tests\EIDSS.Web.Tests.csproj", "{09BFD5BD-D744-461F-80A8-56E7B941DD51}"
EndProject
Global
	GlobalSection(SolutionConfigurationPlatforms) = preSolution
		Debug|Any CPU = Debug|Any CPU
		Release|Any CPU = Release|Any CPU
	EndGlobalSection
	GlobalSection(ProjectConfigurationPlatforms) = postSolution
		{7C44C6EE-3CED-41AA-9AAF-B800506081BB}.Debug|Any CPU.ActiveCfg = Debug|Any CPU
		{7C44C6EE-3CED-41AA-9AAF-B800506081BB}.Debug|Any CPU.Build.0 = Debug|Any CPU
		{7C44C6EE-3CED-41AA-9AAF-B800506081BB}.Release|Any CPU.ActiveCfg = Release|Any CPU
		{7C44C6EE-3CED-41AA-9AAF-B800506081BB}.Release|Any CPU.Build.0 = Release|Any CPU
		{5AF32884-0B3D-4AD3-B3AF-603BF9D6868C}.Debug|Any CPU.ActiveCfg = Debug|Any CPU
		{5AF32884-0B3D-4AD3-B3AF-603BF9D6868C}.Debug|Any CPU.Build.0 = Debug|Any CPU
		{5AF32884-0B3D-4AD3-B3AF-603BF9D6868C}.Release|Any CPU.ActiveCfg = Release|Any CPU
		{5AF32884-0B3D-4AD3-B3AF-603BF9D6868C}.Release|Any CPU.Build.0 = Release|Any CPU
		{478805B8-CCFD-4C6A-A017-B9D6B2E33FE3}.Debug|Any CPU.ActiveCfg = Debug|Any CPU
		{478805B8-CCFD-4C6A-A017-B9D6B2E33FE3}.Debug|Any CPU.Build.0 = Debug|Any CPU
		{478805B8-CCFD-4C6A-A017-B9D6B2E33FE3}.Release|Any CPU.ActiveCfg = Release|Any CPU
		{478805B8-CCFD-4C6A-A017-B9D6B2E33FE3}.Release|Any CPU.Build.0 = Release|Any CPU
		{AE722BB3-6523-4EEA-8C4F-7E37FCEEC2BD}.Debug|Any CPU.ActiveCfg = Debug|Any CPU
		{AE722BB3-6523-4EEA-8C4F-7E37FCEEC2BD}.Debug|Any CPU.Build.0 = Debug|Any CPU
		{AE722BB3-6523-4EEA-8C4F-7E37FCEEC2BD}.Release|Any CPU.ActiveCfg = Release|Any CPU
		{AE722BB3-6523-4EEA-8C4F-7E37FCEEC2BD}.Release|Any CPU.Build.0 = Release|Any CPU
		{EAD60F2A-F22D-41E6-A67C-A783CC1886DE}.Debug|Any CPU.ActiveCfg = Debug|Any CPU
		{EAD60F2A-F22D-41E6-A67C-A783CC1886DE}.Debug|Any CPU.Build.0 = Debug|Any CPU
		{EAD60F2A-F22D-41E6-A67C-A783CC1886DE}.Release|Any CPU.ActiveCfg = Release|Any CPU
		{EAD60F2A-F22D-41E6-A67C-A783CC1886DE}.Release|Any CPU.Build.0 = Release|Any CPU
		{22FC4DCB-161D-4C05-99C6-F2BE05F902C0}.Debug|Any CPU.ActiveCfg = Debug|Any CPU
		{22FC4DCB-161D-4C05-99C6-F2BE05F902C0}.Debug|Any CPU.Build.0 = Debug|Any CPU
		{22FC4DCB-161D-4C05-99C6-F2BE05F902C0}.Release|Any CPU.ActiveCfg = Release|Any CPU
		{22FC4DCB-161D-4C05-99C6-F2BE05F902C0}.Release|Any CPU.Build.0 = Release|Any CPU
		{984326E8-81CF-46B3-8D68-CE5AB9725FA2}.Debug|Any CPU.ActiveCfg = Debug|Any CPU
		{984326E8-81CF-46B3-8D68-CE5AB9725FA2}.Debug|Any CPU.Build.0 = Debug|Any CPU
		{984326E8-81CF-46B3-8D68-CE5AB9725FA2}.Release|Any CPU.ActiveCfg = Release|Any CPU
		{984326E8-81CF-46B3-8D68-CE5AB9725FA2}.Release|Any CPU.Build.0 = Release|Any CPU
		{D31A0404-CF6A-4D13-855F-98A3FEA93B03}.Debug|Any CPU.ActiveCfg = Debug|Any CPU
		{D31A0404-CF6A-4D13-855F-98A3FEA93B03}.Debug|Any CPU.Build.0 = Debug|Any CPU
		{D31A0404-CF6A-4D13-855F-98A3FEA93B03}.Release|Any CPU.ActiveCfg = Release|Any CPU
		{D31A0404-CF6A-4D13-855F-98A3FEA93B03}.Release|Any CPU.Build.0 = Release|Any CPU
		{1511143C-C2E7-4176-99CB-096B0D3C5CEB}.Debug|Any CPU.ActiveCfg = Debug|Any CPU
		{1511143C-C2E7-4176-99CB-096B0D3C5CEB}.Debug|Any CPU.Deploy.0 = Debug|Any CPU
		{1511143C-C2E7-4176-99CB-096B0D3C5CEB}.Release|Any CPU.ActiveCfg = Release|Any CPU
		{1511143C-C2E7-4176-99CB-096B0D3C5CEB}.Release|Any CPU.Deploy.0 = Release|Any CPU
		{4FE07E0D-DEB6-49D1-9973-2EB4AE79815D}.Debug|Any CPU.ActiveCfg = Debug|Any CPU
		{4FE07E0D-DEB6-49D1-9973-2EB4AE79815D}.Debug|Any CPU.Build.0 = Debug|Any CPU
		{4FE07E0D-DEB6-49D1-9973-2EB4AE79815D}.Release|Any CPU.ActiveCfg = Release|Any CPU
		{4FE07E0D-DEB6-49D1-9973-2EB4AE79815D}.Release|Any CPU.Build.0 = Release|Any CPU
		{DD41F14F-A506-4BF9-B86A-42B13D7ED488}.Debug|Any CPU.ActiveCfg = Debug|Any CPU
		{DD41F14F-A506-4BF9-B86A-42B13D7ED488}.Debug|Any CPU.Build.0 = Debug|Any CPU
		{DD41F14F-A506-4BF9-B86A-42B13D7ED488}.Release|Any CPU.ActiveCfg = Release|Any CPU
		{DD41F14F-A506-4BF9-B86A-42B13D7ED488}.Release|Any CPU.Build.0 = Release|Any CPU
		{0D607810-71CB-4A2E-BB13-00D436103C4F}.Debug|Any CPU.ActiveCfg = Debug|Any CPU
		{0D607810-71CB-4A2E-BB13-00D436103C4F}.Debug|Any CPU.Build.0 = Debug|Any CPU
		{0D607810-71CB-4A2E-BB13-00D436103C4F}.Release|Any CPU.ActiveCfg = Release|Any CPU
		{0D607810-71CB-4A2E-BB13-00D436103C4F}.Release|Any CPU.Build.0 = Release|Any CPU
		{14C39B50-D16B-42A5-97D8-9552D62A2116}.Debug|Any CPU.ActiveCfg = Debug|Any CPU
		{14C39B50-D16B-42A5-97D8-9552D62A2116}.Debug|Any CPU.Build.0 = Debug|Any CPU
		{14C39B50-D16B-42A5-97D8-9552D62A2116}.Release|Any CPU.ActiveCfg = Release|Any CPU
		{14C39B50-D16B-42A5-97D8-9552D62A2116}.Release|Any CPU.Build.0 = Release|Any CPU
		{09BFD5BD-D744-461F-80A8-56E7B941DD51}.Debug|Any CPU.ActiveCfg = Debug|Any CPU
		{09BFD5BD-D744-461F-80A8-56E7B941DD51}.Debug|Any CPU.Build.0 = Debug|Any CPU
		{09BFD5BD-D744-461F-80A8-56E7B941DD51}.Release|Any CPU.ActiveCfg = Release|Any CPU
		{09BFD5BD-D744-461F-80A8-56E7B941DD51}.Release|Any CPU.Build.0 = Release|Any CPU
	EndGlobalSection
	GlobalSection(SolutionProperties) = preSolution
		HideSolutionNode = FALSE
	EndGlobalSection
	GlobalSection(NestedProjects) = preSolution
		{DD41F14F-A506-4BF9-B86A-42B13D7ED488} = {729D7574-D461-4FD7-8BED-06D7A36CC024}
		{0D607810-71CB-4A2E-BB13-00D436103C4F} = {729D7574-D461-4FD7-8BED-06D7A36CC024}
		{14C39B50-D16B-42A5-97D8-9552D62A2116} = {729D7574-D461-4FD7-8BED-06D7A36CC024}
		{09BFD5BD-D744-461F-80A8-56E7B941DD51} = {729D7574-D461-4FD7-8BED-06D7A36CC024}
	EndGlobalSection
	GlobalSection(ExtensibilityGlobals) = postSolution
		SolutionGuid = {4A0FE614-F523-480A-B6DB-D4A4A1055792}
	EndGlobalSection
EndGlobal
